
Microsoft Visual Studio Solution File, Format Version 12.00
# Visual Studio Version 17
VisualStudioVersion = 17.4.33213.308
MinimumVisualStudioVersion = 10.0.40219.1
Project("{9A19103F-16F7-4668-BE54-9A1E7A4F7556}") = "GitHubApiTests", "GitHubApiTests.csproj", "{4FF5AC61-1767-4601-96D8-42C538CBA212}"
EndProject
Global
	GlobalSection(SolutionConfigurationPlatforms) = preSolution
		Debug|Any CPU = Debug|Any CPU
		Release|Any CPU = Release|Any CPU
	EndGlobalSection
	GlobalSection(ProjectConfigurationPlatforms) = postSolution
		{4FF5AC61-1767-4601-96D8-42C538CBA212}.Debug|Any CPU.ActiveCfg = Debug|Any CPU
		{4FF5AC61-1767-4601-96D8-42C538CBA212}.Debug|Any CPU.Build.0 = Debug|Any CPU
		{4FF5AC61-1767-4601-96D8-42C538CBA212}.Release|Any CPU.ActiveCfg = Release|Any CPU
		{4FF5AC61-1767-4601-96D8-42C538CBA212}.Release|Any CPU.Build.0 = Release|Any CPU
	EndGlobalSection
	GlobalSection(SolutionProperties) = preSolution
		HideSolutionNode = FALSE
	EndGlobalSection
	GlobalSection(ExtensibilityGlobals) = postSolution
		SolutionGuid = {3C19268A-D5EB-413A-91E2-503D5F7C583F}
	EndGlobalSection
EndGlobal
